
Microsoft Visual Studio Solution File, Format Version 12.00
# Visual Studio Version 17
VisualStudioVersion = 17.0.31919.166
MinimumVisualStudioVersion = 10.0.40219.1
Project("{FAE04EC0-301F-11D3-BF4B-00C04F79EFBC}") = "Apteka", "Apteka\Apteka.csproj", "{6A50E78A-7E35-4354-A8B2-766302CCEEDB}"
EndProject
Global
	GlobalSection(SolutionConfigurationPlatforms) = preSolution
		Debug|Any CPU = Debug|Any CPU
		Release|Any CPU = Release|Any CPU
	EndGlobalSection
	GlobalSection(ProjectConfigurationPlatforms) = postSolution
		{6A50E78A-7E35-4354-A8B2-766302CCEEDB}.Debug|Any CPU.ActiveCfg = Debug|Any CPU
		{6A50E78A-7E35-4354-A8B2-766302CCEEDB}.Debug|Any CPU.Build.0 = Debug|Any CPU
		{6A50E78A-7E35-4354-A8B2-766302CCEEDB}.Release|Any CPU.ActiveCfg = Release|Any CPU
		{6A50E78A-7E35-4354-A8B2-766302CCEEDB}.Release|Any CPU.Build.0 = Release|Any CPU
	EndGlobalSection
	GlobalSection(SolutionProperties) = preSolution
		HideSolutionNode = FALSE
	EndGlobalSection
	GlobalSection(ExtensibilityGlobals) = postSolution
		SolutionGuid = {3910A6C3-7B7C-4583-B046-8B96B1FB02A9}
	EndGlobalSection
EndGlobal
